
Microsoft Visual Studio Solution File, Format Version 12.00
# Visual Studio Version 17
VisualStudioVersion = 17.4.33213.308
MinimumVisualStudioVersion = 10.0.40219.1
Project("{FAE04EC0-301F-11D3-BF4B-00C04F79EFBC}") = "HospitalManagement", "HospitalManagement\HospitalManagement.csproj", "{C23291E8-40B3-4EFB-8C34-0790FDA5C72F}"
EndProject
Global
	GlobalSection(SolutionConfigurationPlatforms) = preSolution
		Debug|Any CPU = Debug|Any CPU
		Release|Any CPU = Release|Any CPU
	EndGlobalSection
	GlobalSection(ProjectConfigurationPlatforms) = postSolution
		{C23291E8-40B3-4EFB-8C34-0790FDA5C72F}.Debug|Any CPU.ActiveCfg = Debug|Any CPU
		{C23291E8-40B3-4EFB-8C34-0790FDA5C72F}.Debug|Any CPU.Build.0 = Debug|Any CPU
		{C23291E8-40B3-4EFB-8C34-0790FDA5C72F}.Release|Any CPU.ActiveCfg = Release|Any CPU
		{C23291E8-40B3-4EFB-8C34-0790FDA5C72F}.Release|Any CPU.Build.0 = Release|Any CPU
	EndGlobalSection
	GlobalSection(SolutionProperties) = preSolution
		HideSolutionNode = FALSE
	EndGlobalSection
	GlobalSection(ExtensibilityGlobals) = postSolution
		SolutionGuid = {6300A48B-1EAC-4510-ABC5-C35D7354900D}
	EndGlobalSection
EndGlobal
